
Microsoft Visual Studio Solution File, Format Version 12.00
# Visual Studio Version 16
VisualStudioVersion = 25.0.1704.4
MinimumVisualStudioVersion = 10.0.40219.1
Project("{FAE04EC0-301F-11D3-BF4B-00C04F79EFBC}") = "TestMVCAppWithoutAuth", "TestMVCAppWithoutAuth.csproj", "{AAA130AD-6721-4FDE-B7E7-BEB8A7A11440}"
EndProject
Project("{E53339B2-1760-4266-BCC7-CA923CBCF16C}") = "docker-compose", "docker-compose.dcproj", "{8BDB16CE-2B58-4B0A-A9D5-168BB1F91402}"
EndProject
Global
	GlobalSection(SolutionConfigurationPlatforms) = preSolution
		Debug|Any CPU = Debug|Any CPU
		Release|Any CPU = Release|Any CPU
	EndGlobalSection
	GlobalSection(ProjectConfigurationPlatforms) = postSolution
		{AAA130AD-6721-4FDE-B7E7-BEB8A7A11440}.Debug|Any CPU.ActiveCfg = Debug|Any CPU
		{AAA130AD-6721-4FDE-B7E7-BEB8A7A11440}.Debug|Any CPU.Build.0 = Debug|Any CPU
		{AAA130AD-6721-4FDE-B7E7-BEB8A7A11440}.Release|Any CPU.ActiveCfg = Release|Any CPU
		{AAA130AD-6721-4FDE-B7E7-BEB8A7A11440}.Release|Any CPU.Build.0 = Release|Any CPU
		{8BDB16CE-2B58-4B0A-A9D5-168BB1F91402}.Debug|Any CPU.ActiveCfg = Debug|Any CPU
		{8BDB16CE-2B58-4B0A-A9D5-168BB1F91402}.Debug|Any CPU.Build.0 = Debug|Any CPU
		{8BDB16CE-2B58-4B0A-A9D5-168BB1F91402}.Release|Any CPU.ActiveCfg = Release|Any CPU
		{8BDB16CE-2B58-4B0A-A9D5-168BB1F91402}.Release|Any CPU.Build.0 = Release|Any CPU
	EndGlobalSection
	GlobalSection(SolutionProperties) = preSolution
		HideSolutionNode = FALSE
	EndGlobalSection
	GlobalSection(ExtensibilityGlobals) = postSolution
		SolutionGuid = {893D56BD-7338-4E37-B953-FD5FD268BE5D}
	EndGlobalSection
EndGlobal
